Microsoft Visual Studio Solution File, Format Version 12.00
# Visual Studio Version 17
VisualStudioVersion = 17.5.2.0
MinimumVisualStudioVersion = 10.0.40219.1
Project("{FAE04EC0-301F-11D3-BF4B-00C04F79EFBC}") = "CodeWithArash", "CodeWithArash.csproj", "{07366B79-D122-D466-0E80-5F45AE6129C3}"
EndProject
Global
	GlobalSection(SolutionConfigurationPlatforms) = preSolution
		Debug|Any CPU = Debug|Any CPU
		Release|Any CPU = Release|Any CPU
	EndGlobalSection
	GlobalSection(ProjectConfigurationPlatforms) = postSolution
		{07366B79-D122-D466-0E80-5F45AE6129C3}.Debug|Any CPU.ActiveCfg = Debug|Any CPU
		{07366B79-D122-D466-0E80-5F45AE6129C3}.Debug|Any CPU.Build.0 = Debug|Any CPU
		{07366B79-D122-D466-0E80-5F45AE6129C3}.Release|Any CPU.ActiveCfg = Release|Any CPU
		{07366B79-D122-D466-0E80-5F45AE6129C3}.Release|Any CPU.Build.0 = Release|Any CPU
	EndGlobalSection
	GlobalSection(SolutionProperties) = preSolution
		HideSolutionNode = FALSE
	EndGlobalSection
	GlobalSection(ExtensibilityGlobals) = postSolution
		SolutionGuid = {45312D50-4BAD-49A1-ADB3-A65420AAE0A5}
	EndGlobalSection
EndGlobal
